schema: '2.0'
stages:
  preprocessing:
    cmd: python src/preprocessing.py --config=params.yaml
    deps:
    - path: src/preprocessing.py
      md5: 6192fc0df335bd668ca7b57a32c6a5ec
      size: 1866
    params:
      params.yaml:
        preprocessing:
          db_level: 25
          raw_audio_pos: data/raw/cohort_1_pos.npy
          raw_audio_neg: data/raw/cohort_1_neg.npy
          processed_audio_pos: data/preprocessed/pre_cohort_1_pos.npy
          processed_audio_neg: data/preprocessed/pre_cohort_1_neg.npy
    outs:
    - path: data/preprocessed/pre_cohort_1_neg.npy
      md5: 2e427d69bc891c45e3e3c7d300f586d7
      size: 336218528
    - path: data/preprocessed/pre_cohort_1_pos.npy
      md5: 53d885053c1a32426f9f14bba484f9cc
      size: 169344128
  feature_extraction:
    cmd: python src/feature_extraction.py --config=params.yaml
    deps:
    - path: data/preprocessed/pre_cohort_1_neg.npy
      md5: 2e427d69bc891c45e3e3c7d300f586d7
      size: 336218528
    - path: data/preprocessed/pre_cohort_1_pos.npy
      md5: 53d885053c1a32426f9f14bba484f9cc
      size: 169344128
    - path: src/feature_extraction.py
      md5: cb8499a3703b47e12de327ed4a955ba9
      size: 4329
    params:
      params.yaml:
        audio_&_feature:
          sampling_rate: 22050
          axis: 0
          n_mfcc: 13
          n_mels: 13
          fmax: 4000
          n_chroma: 36
        feature_extraction:
          features_path: data/features/covid_features.csv
          target_column: status
        preprocessing:
          db_level: 25
          raw_audio_pos: data/raw/cohort_1_pos.npy
          raw_audio_neg: data/raw/cohort_1_neg.npy
          processed_audio_pos: data/preprocessed/pre_cohort_1_pos.npy
          processed_audio_neg: data/preprocessed/pre_cohort_1_neg.npy
    outs:
    - path: data/features/covid_features.csv
      md5: c9704899007e15dbdb543ab4792ec8d4
      size: 4859439
  data_split:
    cmd: python src/data_split.py --config=params.yaml
    deps:
    - path: data/features/covid_features.csv
      md5: c9704899007e15dbdb543ab4792ec8d4
      size: 4859439
    - path: src/data_split.py
      md5: fbd5e21768c9c6a8e4cbc3a9295977d1
      size: 956
    params:
      params.yaml:
        base:
          random_state: 42
        data_split:
          test_size: 0.2
          trainset_path: data/features/train.csv
          testset_path: data/features/test.csv
        feature_extraction:
          features_path: data/features/covid_features.csv
          target_column: status
    outs:
    - path: data/features/test.csv
      md5: f9968d3b358eb99f2f6b2611e3711a39
      size: 970683
    - path: data/features/train.csv
      md5: 8b05782bb65b9542fa119237db4b6207
      size: 3870139
  train:
    cmd: python src/train_and_evaluate.py --config=params.yaml
    deps:
    - path: data/features/test.csv
      md5: f9968d3b358eb99f2f6b2611e3711a39
      size: 970683
    - path: data/features/train.csv
      md5: 8b05782bb65b9542fa119237db4b6207
      size: 3870139
    - path: src/train_and_evaluate.py
      md5: a5e44347cad2a954462081f059860df1
      size: 3481
    params:
      params.yaml:
        base:
          random_state: 42
        data_split:
          test_size: 0.2
          trainset_path: data/features/train.csv
          testset_path: data/features/test.csv
        evaluate:
          reports_dir: reports
          metrics_file: metrics.json
          confusion_matrix_image: confusion_matrix.png
          confusion_matrix_data: confusion_matrix_data.csv
        feature_extraction.target_column: status
        train:
          model_path: models/xgb_models.joblib
    outs:
    - path: models/xgb_models.joblib
      md5: 8307575b634dcac9d1e9566c34d0087c
      size: 9422576
    - path: reports/confusion_matrix.png
      md5: 31c77ff32a6700a802c7aae2bc83029c
      size: 24457
    - path: reports/metrics.json
      md5: 0f888815dc1eea14dd334f50fde85791
      size: 32
  evaluate:
    cmd: python src/evaluate_and_visualize.py --config=params.yaml
    deps:
    - path: data/features/test.csv
      md5: b0586fb535130d306222da001c161ece
      size: 2292986
    - path: models/xgb_models.joblib
      md5: 9a432820908ae93916acb6935f73d153
      size: 176548
    - path: src/evaluate_and_visualize.py
      md5: ff6b6ff6c32f6a1bdda68acab8ec936b
      size: 2720
    params:
      params.yaml:
        base:
          random_state: 42
        data_split.testset_path: data/features/test.csv
        evaluate:
          reports_dir: reports
          metrics_file: metrics.json
          confusion_matrix_image: confusion_matrix.png
          confusion_matrix_data: confusion_matrix_data.csv
        feature_extraction.target_column: status
    outs:
    - path: reports/confusion_matrix.png
      md5: 0de05936e0445de47e11183fbea092ab
      size: 24732
    - path: reports/metrics.json
      md5: 66c447a5640a2411fd5aa38454cc0f05
      size: 32
